
Microsoft Visual Studio Solution File, Format Version 12.00
# Visual Studio Version 17
VisualStudioVersion = 17.8.34316.72
MinimumVisualStudioVersion = 10.0.40219.1
Project("{FAE04EC0-301F-11D3-BF4B-00C04F79EFBC}") = "PicturePuzzleGame", "PicturePuzzleGame\PicturePuzzleGame.csproj", "{2C48FBCF-0E3E-4A46-986D-5781E0D80390}"
EndProject
Global
	GlobalSection(SolutionConfigurationPlatforms) = preSolution
		Debug|Any CPU = Debug|Any CPU
		Release|Any CPU = Release|Any CPU
	EndGlobalSection
	GlobalSection(ProjectConfigurationPlatforms) = postSolution
		{2C48FBCF-0E3E-4A46-986D-5781E0D80390}.Debug|Any CPU.ActiveCfg = Debug|Any CPU
		{2C48FBCF-0E3E-4A46-986D-5781E0D80390}.Debug|Any CPU.Build.0 = Debug|Any CPU
		{2C48FBCF-0E3E-4A46-986D-5781E0D80390}.Release|Any CPU.ActiveCfg = Release|Any CPU
		{2C48FBCF-0E3E-4A46-986D-5781E0D80390}.Release|Any CPU.Build.0 = Release|Any CPU
	EndGlobalSection
	GlobalSection(SolutionProperties) = preSolution
		HideSolutionNode = FALSE
	EndGlobalSection
	GlobalSection(ExtensibilityGlobals) = postSolution
		SolutionGuid = {D511FAE2-7AED-45CB-82FB-C410EE7CDD52}
	EndGlobalSection
EndGlobal
